
Microsoft Visual Studio Solution File, Format Version 12.00
# Visual Studio 15
VisualStudioVersion = 15.0.26730.16
MinimumVisualStudioVersion = 10.0.40219.1
Project("{8BC9CEB8-8B4A-11D0-8D11-00A0C91BC942}") = "DlgItem", "DlgItem\DlgItem.vcxproj", "{0800346E-447D-47CE-A543-9939F902E3A6}"
EndProject
Global
	GlobalSection(SolutionConfigurationPlatforms) = preSolution
		Debug|x64 = Debug|x64
		Debug|x86 = Debug|x86
		Release|x64 = Release|x64
		Release|x86 = Release|x86
	EndGlobalSection
	GlobalSection(ProjectConfigurationPlatforms) = postSolution
		{0800346E-447D-47CE-A543-9939F902E3A6}.Debug|x64.ActiveCfg = Debug|x64
		{0800346E-447D-47CE-A543-9939F902E3A6}.Debug|x64.Build.0 = Debug|x64
		{0800346E-447D-47CE-A543-9939F902E3A6}.Debug|x86.ActiveCfg = Debug|Win32
		{0800346E-447D-47CE-A543-9939F902E3A6}.Debug|x86.Build.0 = Debug|Win32
		{0800346E-447D-47CE-A543-9939F902E3A6}.Release|x64.ActiveCfg = Release|x64
		{0800346E-447D-47CE-A543-9939F902E3A6}.Release|x64.Build.0 = Release|x64
		{0800346E-447D-47CE-A543-9939F902E3A6}.Release|x86.ActiveCfg = Release|Win32
		{0800346E-447D-47CE-A543-9939F902E3A6}.Release|x86.Build.0 = Release|Win32
	EndGlobalSection
	GlobalSection(SolutionProperties) = preSolution
		HideSolutionNode = FALSE
	EndGlobalSection
	GlobalSection(ExtensibilityGlobals) = postSolution
		SolutionGuid = {485FB43D-51E3-4062-9428-87B0D8DEFDE3}
	EndGlobalSection
EndGlobal
